Microsoft Visual Studio Solution File, Format Version 10.00
# Visual Studio 2008
Project("{F184B08F-C81C-45F6-A57F-5ABD9991F28F}") = "notification_sender", "notification_sender.vbproj", "{5C399088-3D10-4612-ACC4-B12399FA697D}"
EndProject
Global
	GlobalSection(SolutionConfigurationPlatforms) = preSolution
		Debug|Any CPU = Debug|Any CPU
		Release|Any CPU = Release|Any CPU
	EndGlobalSection
	GlobalSection(ProjectConfigurationPlatforms) = postSolution
		{5C399088-3D10-4612-ACC4-B12399FA697D}.Debug|Any CPU.ActiveCfg = Debug|Any CPU
		{5C399088-3D10-4612-ACC4-B12399FA697D}.Debug|Any CPU.Build.0 = Debug|Any CPU
		{5C399088-3D10-4612-ACC4-B12399FA697D}.Release|Any CPU.ActiveCfg = Release|Any CPU
		{5C399088-3D10-4612-ACC4-B12399FA697D}.Release|Any CPU.Build.0 = Release|Any CPU
	EndGlobalSection
	GlobalSection(SolutionProperties) = preSolution
		HideSolutionNode = FALSE
	EndGlobalSection
EndGlobal
