Microsoft Visual Studio Solution File, Format Version 10.00
# Visual Studio 2008
Project("{F184B08F-C81C-45F6-A57F-5ABD9991F28F}") = "NotificationProcessor", "NotificationProcessor.vbproj", "{1B0850B2-73E0-42A9-A1A7-BC4622BAC4B5}"
EndProject
Project("{F184B08F-C81C-45F6-A57F-5ABD9991F28F}") = "NotificationQueue", "..\NotificationQueue\NotificationQueue.vbproj", "{FC0FE4D8-8389-4DDF-82BF-B40376F395D5}"
EndProject
Global
	GlobalSection(SolutionConfigurationPlatforms) = preSolution
		Debug|Any CPU = Debug|Any CPU
		Release|Any CPU = Release|Any CPU
	EndGlobalSection
	GlobalSection(ProjectConfigurationPlatforms) = postSolution
		{1B0850B2-73E0-42A9-A1A7-BC4622BAC4B5}.Debug|Any CPU.ActiveCfg = Debug|Any CPU
		{1B0850B2-73E0-42A9-A1A7-BC4622BAC4B5}.Debug|Any CPU.Build.0 = Debug|Any CPU
		{1B0850B2-73E0-42A9-A1A7-BC4622BAC4B5}.Release|Any CPU.ActiveCfg = Release|Any CPU
		{1B0850B2-73E0-42A9-A1A7-BC4622BAC4B5}.Release|Any CPU.Build.0 = Release|Any CPU
		{FC0FE4D8-8389-4DDF-82BF-B40376F395D5}.Debug|Any CPU.ActiveCfg = Debug|Any CPU
		{FC0FE4D8-8389-4DDF-82BF-B40376F395D5}.Debug|Any CPU.Build.0 = Debug|Any CPU
		{FC0FE4D8-8389-4DDF-82BF-B40376F395D5}.Release|Any CPU.ActiveCfg = Release|Any CPU
		{FC0FE4D8-8389-4DDF-82BF-B40376F395D5}.Release|Any CPU.Build.0 = Release|Any CPU
	EndGlobalSection
	GlobalSection(SolutionProperties) = preSolution
		HideSolutionNode = FALSE
	EndGlobalSection
EndGlobal
